<?xml version="1.0" encoding="UTF-8" standalone="yes" ?>
<CodeBlocks_project_file>
	<FileVersion major="1" minor="6" />
	<Project>
		<Option title="CCrackCodeInterview" />
		<Option pch_mode="2" />
		<Option compiler="gcc" />
		<Build>
			<Target title="Debug">
				<Option output="bin/Debug/CCrackCodeInterview" prefix_auto="1" extension_auto="1" />
				<Option object_output="obj/Debug/" />
				<Option type="1" />
				<Option compiler="gcc" />
				<Compiler>
					<Add option="-g" />
				</Compiler>
			</Target>
			<Target title="Release">
				<Option output="bin/Release/CCrackCodeInterview" prefix_auto="1" extension_auto="1" />
				<Option object_output="obj/Release/" />
				<Option type="1" />
				<Option compiler="gcc" />
				<Compiler>
					<Add option="-O2" />
				</Compiler>
				<Linker>
					<Add option="-s" />
				</Linker>
			</Target>
		</Build>
		<Compiler>
			<Add option="-Wall" />
			<Add option="-fexceptions" />
		</Compiler>
		<Unit filename="BigNum.cpp" />
		<Unit filename="BigNum.h" />
		<Unit filename="SplitByX.cpp" />
		<Unit filename="SplitByX.h" />
		<Unit filename="createDepList.h" />
		<Unit filename="cycleHead.h" />
		<Unit filename="cycleText.h" />
		<Unit filename="findNextInSearchTree.cpp" />
		<Unit filename="findNextInSearchTree.h" />
		<Unit filename="firstAnces.h" />
		<Unit filename="isBalance.h" />
		<Unit filename="isSearchTree.cpp" />
		<Unit filename="isSearchTree.h" />
		<Unit filename="isSubTree.h" />
		<Unit filename="main.cpp" />
		<Unit filename="minBTree.cpp" />
		<Unit filename="minBTree.h" />
		<Unit filename="reverse.cpp" />
		<Unit filename="reverse.h" />
		<Unit filename="sumPath.cpp" />
		<Unit filename="sumPath.h" />
		<Unit filename="utils.cpp" />
		<Unit filename="utils.h" />
		<Extensions>
			<code_completion />
			<envvars />
			<debugger />
		</Extensions>
	</Project>
</CodeBlocks_project_file>
